# format: kofun-pm.lock/v1
# columns: module selection value
# tool: c2e684df91ec72828121d53e052f7b80eca827f18ae5a6114b19946af106bc14
# requirements: a0fd5e8839934691c1ee332514c312170ff19316231f3d744a6f3cf1004bd80a
10	selected	6
20	workspace	-
30	selected	1
40	workspace	-
# digest: 51de401a38b75824aae96227e5788be024927797d8bcac86c9048ec27ed11ce0
